
Microsoft Visual Studio Solution File, Format Version 12.00
# Visual Studio Version 16
VisualStudioVersion = 16.0.28902.138
MinimumVisualStudioVersion = 10.0.40219.1
Project("{FAE04EC0-301F-11D3-BF4B-00C04F79EFBC}") = "UpLoad", "UpLoad\UpLoad.csproj", "{F1CDA512-1457-4F31-8CC4-D133F2FA8587}"
EndProject
Global
	GlobalSection(SolutionConfigurationPlatforms) = preSolution
		Debug|Any CPU = Debug|Any CPU
		Release|Any CPU = Release|Any CPU
	EndGlobalSection
	GlobalSection(ProjectConfigurationPlatforms) = postSolution
		{F1CDA512-1457-4F31-8CC4-D133F2FA8587}.Debug|Any CPU.ActiveCfg = Debug|Any CPU
		{F1CDA512-1457-4F31-8CC4-D133F2FA8587}.Debug|Any CPU.Build.0 = Debug|Any CPU
		{F1CDA512-1457-4F31-8CC4-D133F2FA8587}.Release|Any CPU.ActiveCfg = Release|Any CPU
		{F1CDA512-1457-4F31-8CC4-D133F2FA8587}.Release|Any CPU.Build.0 = Release|Any CPU
	EndGlobalSection
	GlobalSection(SolutionProperties) = preSolution
		HideSolutionNode = FALSE
	EndGlobalSection
	GlobalSection(ExtensibilityGlobals) = postSolution
		SolutionGuid = {79B1E1DB-E317-4CD3-B837-4AB8195EADE4}
	EndGlobalSection
EndGlobal
